
Microsoft Visual Studio Solution File, Format Version 12.00
# Visual Studio Version 17
VisualStudioVersion = 17.2.32516.85
MinimumVisualStudioVersion = 10.0.40219.1
Project("{FAE04EC0-301F-11D3-BF4B-00C04F79EFBC}") = "EpidemiologyReport", "EpidemiologyReport\EpidemiologyReport.csproj", "{F46F58E1-54C4-46AD-B0C6-CD09BC4568CF}"
EndProject
Global
	GlobalSection(SolutionConfigurationPlatforms) = preSolution
		Debug|Any CPU = Debug|Any CPU
		Release|Any CPU = Release|Any CPU
	EndGlobalSection
	GlobalSection(ProjectConfigurationPlatforms) = postSolution
		{F46F58E1-54C4-46AD-B0C6-CD09BC4568CF}.Debug|Any CPU.ActiveCfg = Debug|Any CPU
		{F46F58E1-54C4-46AD-B0C6-CD09BC4568CF}.Debug|Any CPU.Build.0 = Debug|Any CPU
		{F46F58E1-54C4-46AD-B0C6-CD09BC4568CF}.Release|Any CPU.ActiveCfg = Release|Any CPU
		{F46F58E1-54C4-46AD-B0C6-CD09BC4568CF}.Release|Any CPU.Build.0 = Release|Any CPU
	EndGlobalSection
	GlobalSection(SolutionProperties) = preSolution
		HideSolutionNode = FALSE
	EndGlobalSection
	GlobalSection(ExtensibilityGlobals) = postSolution
		SolutionGuid = {9846EB2E-72E9-4F27-9A87-32F935C14AC2}
	EndGlobalSection
EndGlobal
